{
  "version": "1.0",
  "generatedAt": "2026-05-16T23:39:57.117Z",
  "integrations": {
    "arrizon-open-complaint-inspections-list1": {
      "idMappings": {
        "base": "8a51d63953d40698",
        "tables": {
          "InspectionPhotos": "tuqhehBm3pJ",
          "ArrizonOpenComplaintInspectionsList1": "ttCn9s8M8Tp",
          "Locations": "txuXSN1ktKK",
          "Inspections": "thWZD3bJ7ed",
          "Violations": "t1kePbERjYd",
          "Chronology": "txq726u2JDt",
          "OwnerDocuments": "txvXdvFeDfz",
          "Exhibits": "taMCqPNzA8P",
          "ServiceLog": "t9au4wViDzK",
          "HearingPackets": "tddpPtMB9nn",
          "Users": "t22EZ9m6FYn",
          "ImportedReports": "ttUZWE3zbmQ"
        },
        "fields": {
          "InspectionPhotos": {
            "photoUrl": "f49mzYFanqd",
            "photoType": "fjtH5yZVgwL",
            "caption": "f7HvUr6VwHi",
            "violationLabel": "frL1xfqvKxb",
            "complaintId": "fbXB4Qmgqts",
            "inspector": "f4x45mridP2",
            "uploadedAt": "f5YgYHEzJYh",
            "exhibits": "fsoQe4JrTPg",
            "complaint": "fadiWJd9rvS",
            "inspection": "fowKYexyJMH",
            "hearingPackets": "fdRuahfmhsm"
          },
          "ArrizonOpenComplaintInspectionsList1": {
            "id": "f5JKGiVGBKq",
            "dateEntered": "fgr3fmN81BM",
            "address": "fh2grxatzJm",
            "complaintId": "fcre5NNAwcW",
            "locationId": "fjiNGxC3nx3",
            "status": "f5pPhvJq2JE",
            "description": "f4PMMj3mK8m",
            "assignedTo": "f2SUUjoB2JW",
            "category": "f8vW18t9Tx6",
            "dateLastReportSent": "f9AEFfLzJgf",
            "reinspectionDueOnAfter": "fwtTz2onAUo",
            "attachments": "f8QnLvnE5Kw",
            "inspections": "fjqxX6bBPMt",
            "location": "frYESuwEGc6",
            "complainantName": "fiew67dmqVN",
            "complainantPhone": "f7v97wbrCcN",
            "complainantEmail": "f234CS2rGzV",
            "chronology": "fceuP9cQyXm",
            "ownerDocuments": "fjrvk6RmeWo",
            "exhibits": "f5K5aooAzDk",
            "serviceLog": "fhkZAGZH9Xk",
            "hearingPackets": "f67hbGamJmM",
            "hearingStatus": "foJF9TcrmuV",
            "hearingDate": "fjXsDQ12ojd",
            "threadParent": "f2VGWPrYdjZ",
            "violations": "fhFx6Xc55aa",
            "inspectionPhotos": "f9zQyedaKvU",
            "_311CaseNumber": "foiNunMnVBX",
            "unitNumber": "f23ePnPKX5X",
            "complaintType": "f2m3G1u9iwN",
            "complaintSubtype": "fmGJVqyGHWw",
            "methodReceived": "fj4ThbRAkCT",
            "assignedProgram": "ffCQ6fqrhSR",
            "dateAssigned": "ft8jh8Fs3A7",
            "complainantAnonymous": "fd3v7Tob6aV",
            "complainantAddress": "f6TnzXa2Brj",
            "complainantContactDates": "f6HbLKBMCav",
            "facilityName": "faYYFrcjPcC",
            "facilityOwnership": "fuRkciBAQKE",
            "dateClosed": "f4aFWbG7BUB",
            "deletedAt": "fdadDtVjnNf",
            "hearingRpName": "f1rdhbNoQYM",
            "hearingRpPhone": "fcgQsQo2bGX",
            "hearingRpEmail": "fiEUwkVxwB6",
            "hearingRpAddress": "feWcz4D8wxX",
            "purposeOfHearing": "fqTn32Riy6e",
            "noticeOfHearingDate": "f61AmeDirYH",
            "hearingOrderDate": "f8794YrRAYS"
          },
          "Locations": {
            "address": "foytQFY6UWH",
            "locationId": "f1H7KMPAFHo",
            "ownerName": "fsqKAJdTPeH",
            "ownerAddress": "fpPZDuCqPbx",
            "ownerPhone": "fg4QY9cg8Tt",
            "ownerEmail": "fbrBG9nQYGf",
            "facilityType": "fng2ajeHnDn",
            "numberOfUnits": "feFULSi8hXe",
            "numberOfRooms": "fejwwUJGydd",
            "healthyHousing": "fsu9hkx4pN8",
            "censusTract": "frfUY7PadBX",
            "currentFees": "ffVPcQxSZo2",
            "inspections": "f5SMawfVd9Q",
            "arrizonOpenComplaintInspectionsList1": "fmKydRK1UXp",
            "blockLot": "fwX6PePMFoP",
            "dba": "f122r9qD4cu",
            "managementName": "f2tUVg79bBC",
            "responsibleParty": "f5K7L5CgKqT",
            "responsiblePartyPhone": "fncuFoYBnaR",
            "responsiblePartyEmail": "fnhEs4ngTaF",
            "buildingFeatures": "f7oAFQUuisp",
            "verificationDate": "fhmuPXi5FMZ",
            "importedReports": "fg2CTVs5ayo"
          },
          "Inspections": {
            "inspectionId": "fmMygbqRw92",
            "location": "fo3Rgjmv573",
            "complaint": "f9rW4G6THG8",
            "inspector": "fu4R1ehS8dZ",
            "inspectionDate": "f1AqAsdxmGf",
            "timeIn": "fhTY6R3aDdZ",
            "timeOut": "f3TvWTJHNab",
            "inspectionType": "fgLNeVWasX6",
            "inspectionRating": "f5FfYR1TvJg",
            "accessGrantedBy": "f1e721oa9QR",
            "dba": "fbb74wpEyMd",
            "contactPhone": "fhY5ZRC7TNw",
            "contactEmail": "f7BN34SiBoJ",
            "facilityAddress": "fwhK19qWZVF",
            "complaintId": "finL6boZvy7",
            "locationId": "fuyrxBQhR9U",
            "notes": "f28wmg7f6QD",
            "completedReport": "fgChpnCrWfu",
            "violationCount": "f88F7gZcS5v",
            "violations": "fxbGuAxnGyb",
            "status": "fmDuAGs4fWW",
            "submittedAt": "fwAtHLB53VN",
            "chronology": "fhFB7xPmD9Y",
            "exhibits": "fqRHdLcdXCa",
            "deletedAt": "frsEULw9PPp",
            "importedReports": "f7mStZ3h2RW",
            "inspectionPhotos": "f9sVhed2Akw"
          },
          "Violations": {
            "violationLabel": "fjakwqsCSgw",
            "inspection": "foMdLpTM3Lx",
            "violationCode": "f1gSAagHek5",
            "category": "fovYCS2U67N",
            "locationInProperty": "f27xFNG4Fn8",
            "correctiveAction": "fki7Gu7UGJm",
            "dueDate": "fk7PQ1fNarC",
            "responsibleParty": "f7wDV6tR3JV",
            "status": "fhbx1aT1xbV",
            "complaint": "f3kaykJkGvg",
            "deletedAt": "f3ZiUiAHerh",
            "observation": "fkcHGXEzL6L",
            "exhibitRefs": "f74o2MwJh5D"
          },
          "Chronology": {
            "summary": "fx5GPH7cLRE",
            "entryDate": "frQemotCkjh",
            "entryType": "fi87xUFQn3S",
            "createdBy": "ftUSmrG8zns",
            "complaint": "f2t1XaZcJtp",
            "relatedInspection": "f9Yt3BADUba",
            "frozenAt": "f1WXGe6QcAT",
            "sourceRecord": "fuQ5zipvdme",
            "visibility": "f2QGyhw8Npa",
            "violationsObserved": "fsT7H3ybsJ5",
            "exhibitRefs": "f6mk211JCD4",
            "chronologyOrder": "fr7wENDkBP5",
            "attachmentPageRef": "f4jBXwnfYu7",
            "citationCode": "fodW2t4vdMb"
          },
          "OwnerDocuments": {
            "documentType": "fmytMtZQZoP",
            "submissionDate": "fpJaU9ZBN9M",
            "notes": "f6ubM9vaRs9",
            "receivedBy": "fi6RuRH66Fk",
            "complaint": "f6KUmQitFEW",
            "category": "fk11NLSNen4"
          },
          "Exhibits": {
            "exhibitLabel": "f4b3mWWpTYu",
            "exhibitType": "fbndzYA7zAc",
            "description": "fffvsjUwFFg",
            "sortOrder": "f5QU6Y1xZ5M",
            "complaint": "fvdvwvW9sYk",
            "sourceInspection": "ftgmnUkYZFC",
            "sourcePhoto": "f3BynGXxQif",
            "file": "f3MR5xqeD4o",
            "caption": "fwh9g3ijKxM",
            "category": "fbCvfCBEDdF",
            "deletedAt": "fbgqWpQR5p5",
            "exhibitDate": "fcgYehWwi45",
            "pageCount": "ff1nKYrr6ne"
          },
          "ServiceLog": {
            "noticeType": "ffZUdDfA3NS",
            "serviceMethod": "f1CbjCoKHq4",
            "serviceDate": "f4revjd6Six",
            "recipient": "f3iJeRJYfmm",
            "trackingNumber": "fbhgTsr3gNg",
            "proofOfService": "fgUmvGbsXCm",
            "notes": "fxe2Hu6MsCU",
            "status": "f2cL7oSZ9zq",
            "complaint": "f6Mj1wTvAQ7"
          },
          "HearingPackets": {
            "hearingDate": "fbNEswerbG7",
            "packetStatus": "fn3pSmf7FVk",
            "assignedTo": "ffTusmj1wgA",
            "notes": "fayuxQqBzMp",
            "generatedAt": "fs5EMxSDBVM",
            "complaint": "f8JW23KcTa2",
            "caseNumber": "fb7rZHi9Qyz",
            "programCode": "fbNobAHwT9S",
            "proposedActions": "fc9Tqm8Rbn5",
            "hearingTime": "fu5vfEpDR3L",
            "hearingLocation": "fe7nBF5zUEw",
            "chronologySnapshot": "f8YmBR6XizX",
            "packetType": "fkQCuJveTAA",
            "batesStart": "fjSUvws7say",
            "batesEnd": "fupsG2RLg7y",
            "hearingOrderData": "fb6StJMdB3C",
            "selectedReportIDs": "fkKmhFau4R4",
            "selectedPhotoIDs": "fw33BWp53P5",
            "adminFee": "ffmAxES1cAh",
            "checklistData": "fufWvPbRc3V",
            "enforcementFlags": "feYmHzBRvTS",
            "selectedReports": "faayn6eQ2S9",
            "selectedPhotos": "fvijGSqjBd3",
            "inspectorSignature": "ftFqEvWsVu1",
            "managerSignature": "feZJGA96Aq1",
            "revisionNotes": "fdzpGJeyxsh",
            "statusHistory": "fuBGQAUGeth"
          },
          "Users": {
            "email": "f1styt5qbgS",
            "firstName": "f5sGGXQcfA2",
            "lastName": "f4vNLnk5L1m",
            "role": "f234KXyFZhn",
            "lastLogin": "ffggEeLKrN8",
            "signatureText": "fgfLFcarNQA",
            "signatureStyle": "f523eVS6X7x"
          },
          "ImportedReports": {
            "reportTitle": "fe6QnVrh7r1",
            "location": "frrD6dCSLYF",
            "pdfFile": "f3jpe63ZB3i",
            "inspectionDate": "fx6JDXAtdnv",
            "inspectionType": "f8FubjV5FHU",
            "inspectionRating": "fiFGgk9xgMk",
            "inspectorName": "fsdeWgfSvzY",
            "violationCount": "f9L2NETMH6A",
            "parsingStatus": "fbg3jjVEf7q",
            "uploadedBy": "f3K6dBL1efv",
            "uploadedAt": "fcspmHs9NgD",
            "linkedInspection": "fePdQicfnpC",
            "hearingPackets": "fxzYv46xEPA"
          }
        }
      }
    }
  }
}